{
  "version": "2",
  "remote": {
    "https://deno.land/std@0.150.0/media_types/_util.ts": "ce9b4fc4ba1c447dafab619055e20fd88236ca6bdd7834a21f98bd193c3fbfa1",
    "https://deno.land/std@0.150.0/media_types/mod.ts": "2d4b6f32a087029272dc59e0a55ae3cc4d1b27b794ccf528e94b1925795b3118",
    "https://deno.land/std@0.150.0/media_types/vendor/mime-db.v1.52.0.ts": "724cee25fa40f1a52d3937d6b4fbbfdd7791ff55e1b7ac08d9319d5632c7f5af",
    "https://deno.land/std@0.192.0/collections/filter_values.ts": "5b9feaf17b9a6e5ffccdd36cf6f38fa4ffa94cff2602d381c2ad0c2a97929652",
    "https://deno.land/std@0.192.0/collections/without_all.ts": "a89f5da0b5830defed4f59666e188df411d8fece35a5f6ca69be6ca71a95c185",
    "https://deno.land/std@0.192.0/dotenv/load.ts": "0636983549b98f29ab75c9a22a42d9723f0a389ece5498fe971e7bb2556a12e2",
    "https://deno.land/std@0.192.0/dotenv/mod.ts": "f5a8123741d1561ae8184a7f043bc097b15132c5171c651142b804b6dbc21853",
    "https://deno.land/x/xhr@0.3.0/mod.ts": "094aacd627fd9635cd942053bf8032b5223b909858fa9dc8ffa583752ff63b20",
    "https://esm.sh/@supabase/supabase-js@2.26.0": "2a339ff39b38a95aac89bde7482fe5b28d298cce1d6e472ac16bc3315215cf49",
    "https://esm.sh/langchain@0.0.96/document": "920035c4c43d83ce62fbf984e11b1ad2c7782946e6cbf0f0c580b838a6b6d468",
    "https://esm.sh/langchain@0.0.96/embeddings/openai": "a6a3d759137846b8a08ac1b5cf836c7018f579d00e3f5a71162e5700149fe89e",
    "https://esm.sh/langchain@0.0.96/llms/openai": "944ba1bf9a5f5dca2e77b4b63d014587d8944f099b9def4d55d1905063a3a247",
    "https://esm.sh/langchain@0.0.97/vectorstores/supabase": "48fee695aa8fde4993a8c21a164dbb540f8adcfa9f72fe1b5ab57a6c6808c82b",
    "https://esm.sh/v126/@supabase/functions-js@2.1.2/denonext/functions-js.mjs": "7832c34c31c9693bcdaae6b924f6b700316b6f1c9ac35724eb82437483d5cc86",
    "https://esm.sh/v126/@supabase/functions-js@2.1.2/dist/module/FunctionsClient.d.ts": "c2e7bcf24374e6b99863f214eeef71e13d2c271039b48c9052c97f0cb3a16950",
    "https://esm.sh/v126/@supabase/functions-js@2.1.2/dist/module/index.d.ts": "1832b08edacd73b343430314bdf7af9ce456373fa3c5235b8dcdbbdf4e1d13ae",
    "https://esm.sh/v126/@supabase/functions-js@2.1.2/dist/module/types.d.ts": "085a4704c1c8969bcb9188fc018792f0c4e0387c465d26512ffc91d083767b76",
    "https://esm.sh/v126/@supabase/gotrue-js@2.31.0/denonext/gotrue-js.mjs": "8a71b3e548ddc8b79f2aad1e8496fd45be40f476c74745e7a36fd40c26d201de",
    "https://esm.sh/v126/@supabase/gotrue-js@2.31.0/dist/module/GoTrueAdminApi.d.ts": "b65243c1c313802cb84148d6f2de44f58b730b24b7812434d23c4120ddf8cafb",
    "https://esm.sh/v126/@supabase/gotrue-js@2.31.0/dist/module/GoTrueClient.d.ts": "12e2ddfe1750919727ec7d560a77cff3708f638e6c575797e7d02dd26ef764a9",
    "https://esm.sh/v126/@supabase/gotrue-js@2.31.0/dist/module/index.d.ts": "8cdbab5746a3ce56786025593191032aeb560f933279507c260d2bb65e83b636",
    "https://esm.sh/v126/@supabase/gotrue-js@2.31.0/dist/module/lib/errors.d.ts": "a5d37cc0196fe0c097bc83d4613d259fa83abf2e041a48e7bf3a2b4c35bf4fac",
    "https://esm.sh/v126/@supabase/gotrue-js@2.31.0/dist/module/lib/fetch.d.ts": "0124365bdd93bdaefc37112cad6eafefdb01ae36c657770a64df7dbf5f305342",
    "https://esm.sh/v126/@supabase/gotrue-js@2.31.0/dist/module/lib/helpers.d.ts": "5ecb2cb22300da6b8f8f0a7c6ee8e1a6920ef274b2d2f4370320902f1950f363",
    "https://esm.sh/v126/@supabase/gotrue-js@2.31.0/dist/module/lib/types.d.ts": "cac0169fe7f90643b5c8b7df2fb06abb819bb8a7f062167afefd16072183e1bb",
    "https://esm.sh/v126/@supabase/postgrest-js@1.7.1/denonext/postgrest-js.mjs": "61b27899aab824b377353062eb1fba9cbc866e1dce319510182d70f2b3c50177",
    "https://esm.sh/v126/@supabase/postgrest-js@1.7.1/dist/module/PostgrestBuilder.d.ts": "ee10b40dfca08fccf846e2d4f21e1273dd6170629e04e8454937b79c4a073195",
    "https://esm.sh/v126/@supabase/postgrest-js@1.7.1/dist/module/PostgrestClient.d.ts": "70bddc51d63d92a5f6817be70f4e0d232c6758b425792adb6a9912844aa18747",
    "https://esm.sh/v126/@supabase/postgrest-js@1.7.1/dist/module/PostgrestFilterBuilder.d.ts": "1b2934af0d34dd2501e7336c09ae6dedd89772739f714c8f03680965d0c264e9",
    "https://esm.sh/v126/@supabase/postgrest-js@1.7.1/dist/module/PostgrestQueryBuilder.d.ts": "438f51f19e22fbe512111f69ec3e1978b18eaaac1c31cbbaa45faa45fa933f37",
    "https://esm.sh/v126/@supabase/postgrest-js@1.7.1/dist/module/PostgrestTransformBuilder.d.ts": "965a3d89daa3b630e6f53ebc1494865f56724b787f4a4420e58fa5f80c387d40",
    "https://esm.sh/v126/@supabase/postgrest-js@1.7.1/dist/module/index.d.ts": "fffbd398e6b4db2b1320e819d395493f3169219cfec082e09787ae2bb02baaa3",
    "https://esm.sh/v126/@supabase/postgrest-js@1.7.1/dist/module/select-query-parser.d.ts": "5f23f759d0d26b4e041962241af55f4231628351b6a70375da4276a7c6c5f3cc",
    "https://esm.sh/v126/@supabase/postgrest-js@1.7.1/dist/module/types.d.ts": "b62bb9fdf20676f829bcf01b2348c9766b5d14a0451a964496e96ac49fcc2758",
    "https://esm.sh/v126/@supabase/realtime-js@2.7.3/denonext/dist/module/RealtimeChannel.js": "e83f957a8f63740d891f9fe27c22829a490695b63f96da2d2c31688353fbfcb2",
    "https://esm.sh/v126/@supabase/realtime-js@2.7.3/denonext/dist/module/RealtimeClient.js": "7b127a3138ec6c3bd5bb279bc01544a19caf3b4ced1e8cba6a9795a5c312ef4a",
    "https://esm.sh/v126/@supabase/realtime-js@2.7.3/denonext/dist/module/RealtimePresence.js": "4808920f1777152430b86eb65d50afb7a3442b21303fe0b0dd73f1cbcb1150b4",
    "https://esm.sh/v126/@supabase/realtime-js@2.7.3/denonext/dist/module/lib/constants.js": "3c8209b4b1fa2bae4488f57c0da01818559fecacb826af606e8f4786c101d46c",
    "https://esm.sh/v126/@supabase/realtime-js@2.7.3/denonext/dist/module/lib/push.js": "d14ab57a0ce1abec0bdb89d3e0f30fa36a13bba32995f1eea3db47e29a7ea822",
    "https://esm.sh/v126/@supabase/realtime-js@2.7.3/denonext/dist/module/lib/serializer.js": "c34a3f3b5c7d2ace5ab6e1f3e9a339aab8633b1ce6c2ba81b3517bb3fedd9a02",
    "https://esm.sh/v126/@supabase/realtime-js@2.7.3/denonext/dist/module/lib/timer.js": "aa0c47a7048567cd6d2d2a31c51ac2d11b1352b3c5f3845b6777eea35586e7d3",
    "https://esm.sh/v126/@supabase/realtime-js@2.7.3/denonext/dist/module/lib/transformers.js": "9675d8b393ca41e2b0f2e16e845bd7c20fe8d7d923138769f3e323260f1af81f",
    "https://esm.sh/v126/@supabase/realtime-js@2.7.3/denonext/dist/module/lib/version.js": "e0fbf7ea187031f61fad53220949b31db422222376a6d094de6cfa85290cacc6",
    "https://esm.sh/v126/@supabase/realtime-js@2.7.3/denonext/realtime-js.mjs": "a4f23cbf83aff1462cba2413d1d4b0db257e9aaa4499ec64eb0c9f6f15e6428c",
    "https://esm.sh/v126/@supabase/realtime-js@2.7.3/dist/module/RealtimeChannel": "96ae834ac1d22171da4b6f90e4141ea3002210efe5c64eb5f5f6047cdfc8fc78",
    "https://esm.sh/v126/@supabase/realtime-js@2.7.3/dist/module/RealtimeChannel.d.ts": "552dd6777572d25797077730c113b3ea8d067a03a2c729b99b409e80e804dedb",
    "https://esm.sh/v126/@supabase/realtime-js@2.7.3/dist/module/RealtimeClient": "6f46e696ed87ffb5dfb08dec245eec2d14dde0f1dbdf6e3defe152a1c004a9e8",
    "https://esm.sh/v126/@supabase/realtime-js@2.7.3/dist/module/RealtimeClient.d.ts": "ea4350b7b29aac046103c1ec01e62e0079dbfe8c36a79ed1d7097f5334e2f09b",
    "https://esm.sh/v126/@supabase/realtime-js@2.7.3/dist/module/RealtimePresence": "794d60c4934337aa48250b3b4711e365942b0706df27027afd8829566a6743b4",
    "https://esm.sh/v126/@supabase/realtime-js@2.7.3/dist/module/RealtimePresence.d.ts": "b8283c7455b90b675b2f4105b50f2b5dbb1325bd859dc8402e401db36dad3748",
    "https://esm.sh/v126/@supabase/realtime-js@2.7.3/dist/module/index.d.ts": "d9cb106abd747f493a75b5e9ee01ca9638d7bf160be02dd72120d3ac15fd52ca",
    "https://esm.sh/v126/@supabase/realtime-js@2.7.3/dist/module/lib/constants.d.ts": "b8392f2eb7cf41c3479c142875adbbe4b48bfafdced532165abc1cc68aa20cb5",
    "https://esm.sh/v126/@supabase/realtime-js@2.7.3/dist/module/lib/push.d.ts": "6c8e66ded1b50971ca48cbe5e33e02042f291b330f5010771925a054baec523d",
    "https://esm.sh/v126/@supabase/realtime-js@2.7.3/dist/module/lib/serializer.d.ts": "4990f875f6e9a1898655fdba7b822222f8b930bfb7c9253b4f047aa4b05d4ca1",
    "https://esm.sh/v126/@supabase/realtime-js@2.7.3/dist/module/lib/timer.d.ts": "ddf170afd193dc372316ed1f4a087f0e9732a5b8bd9cb9e5c3ac74f1cc676e31",
    "https://esm.sh/v126/@supabase/storage-js@2.5.1/denonext/storage-js.mjs": "d6366173b768ed6f60a0ef9c8523db59e8e531f9fd30ce88a1f94c20cd33a981",
    "https://esm.sh/v126/@supabase/storage-js@2.5.1/dist/module/StorageClient.d.ts": "716bdde7f3ea8f49606ac540ceb4b410facb9526668711ffb5676f7935f3408d",
    "https://esm.sh/v126/@supabase/storage-js@2.5.1/dist/module/index.d.ts": "07800a0eea5587ec26d8932a4f5f10871b9e017292ab05b74b27154fb5f98860",
    "https://esm.sh/v126/@supabase/storage-js@2.5.1/dist/module/lib/errors.d.ts": "753c82a97a0e1b05fec3989af93e4fbf2f4a3da3957584613768593ef5cc8bfc",
    "https://esm.sh/v126/@supabase/storage-js@2.5.1/dist/module/lib/fetch.d.ts": "18b68d37f6564cc754ade6371fc7e655a775e91b10abf0f45d0c037b93436761",
    "https://esm.sh/v126/@supabase/storage-js@2.5.1/dist/module/lib/types.d.ts": "bc29b8f4d3255b1a4de8fad248d4d639a7bd6f068811abc64e63e56fbf82cd75",
    "https://esm.sh/v126/@supabase/storage-js@2.5.1/dist/module/packages/StorageBucketApi.d.ts": "a208086081d13b7c864b62d35dcda19613662bc84470d792ef37ddcebccc5d70",
    "https://esm.sh/v126/@supabase/storage-js@2.5.1/dist/module/packages/StorageFileApi.d.ts": "e82f093e32502c2667a3cdd9e1d39cf30663eb0c4d1e6c8912bf8c9eefee7a81",
    "https://esm.sh/v126/@supabase/supabase-js@2.26.0/denonext/supabase-js.mjs": "5e1f111d0be3e38de235347bd208702a316db4352df7de696733c39740d73fd7",
    "https://esm.sh/v126/@supabase/supabase-js@2.26.0/dist/module/SupabaseClient.d.ts": "269f4d5789a23ecf52971d46547718fe75f28743946b46c9b24215493a6e028b",
    "https://esm.sh/v126/@supabase/supabase-js@2.26.0/dist/module/index.d.ts": "7af29e2b99e508185f99345b18d2572d82e8d1085e64523e96545bfc0de6f601",
    "https://esm.sh/v126/@supabase/supabase-js@2.26.0/dist/module/lib/SupabaseAuthClient.d.ts": "fcf6dc47d9ffa71621ef9ad1a2079218d6ef1d7f68e1d59c8d5272ec608ec7f2",
    "https://esm.sh/v126/@supabase/supabase-js@2.26.0/dist/module/lib/types.d.ts": "6ef51396cee140536ff7ed31c2c20a03e2790f059fca667cccb8a3cab834c98d",
    "https://esm.sh/v126/@types/phoenix@1.5.6/index.d.ts": "2b9f54bc632b077439fa3fb07a9daf30a77c668c27ef2ea14d3382acb445aca3",
    "https://esm.sh/v126/ansi-styles@5.2.0/denonext/ansi-styles.mjs": "8a10e68165432fcfd0929bdeb4e33a194af8b790702f60b2ea0477749990964c",
    "https://esm.sh/v126/axios@0.26.1/denonext/axios.mjs": "89aeb19612d2bdcd48a7de873ea0cbcc1d48b3cee399fb2c66dbe271a35b2e93",
    "https://esm.sh/v126/axios@0.26.1/index.d.ts": "2808645b990069e5f8b5ff14c9f1e6077eb642583c3f7854012d60757f23c70e",
    "https://esm.sh/v126/axios@1.4.0/denonext/axios.mjs": "e155c7c1ec011d4f4dc536f29c0693de449e5c61316b3a724214188a31763da4",
    "https://esm.sh/v126/axios@1.4.0/index.d.ts": "1d729ea435a93e1a70519d06a6f13fa418c4c39a52b69e6db86750ebfcdf5554",
    "https://esm.sh/v126/base64-js@1.5.1/denonext/base64-js.mjs": "fc961905a7e7a9a1c753f006903a610306d299569a0b3af9c48318a28ac48b84",
    "https://esm.sh/v126/camelcase@6.3.0/denonext/camelcase.mjs": "ac0c366a0afa66cdf9eab2f6e188e0d86fce8d59d410e9642b216c1548b1c35f",
    "https://esm.sh/v126/cross-fetch@3.1.6/denonext/cross-fetch.mjs": "0ea6f129766748ee7301e36206d3c930ebb7b7dc108f33c70ed3337aeb061e70",
    "https://esm.sh/v126/decamelize@1.2.0/denonext/decamelize.mjs": "504737df810416c264e5b908664fcce90aa57500ef725b262a8bea0ccb7f8e14",
    "https://esm.sh/v126/decamelize@5.0.1/denonext/decamelize.mjs": "77e3e8d6c9faf79e92bcbe2abb04d1ace777ef7a206d87139529dff6152821ce",
    "https://esm.sh/v126/es5-ext@0.10.62/denonext/global.js": "2f51d9acef1f761faaa542da919b3c747744ea29fe709d0a904fd531716a93d6",
    "https://esm.sh/v126/eventemitter3@4.0.7/denonext/eventemitter3.mjs": "6f8a6195e1a9effb73bb163c577400d608dec7c4e0bd839045fd9ea4db66e9fe",
    "https://esm.sh/v126/form-data@4.0.0/denonext/form-data.mjs": "48e84ac3b590bc364839367938d7e48ca37615a0c66e56dcc7356c3172ec7790",
    "https://esm.sh/v126/js-tiktoken@1.0.7/denonext/lite.js": "46b88cdbb303e670da3f7230110968ba6df480eb94f642bea564887ea788511b",
    "https://esm.sh/v126/js-tiktoken@1.0.7/dist/core-810722a7.d.ts": "4ac4f625c9df6c2a3f9cb161d858898ce2d041ef37ff6b59c31d99b7df50fbe8",
    "https://esm.sh/v126/js-tiktoken@1.0.7/dist/lite.d.ts": "bcaf8cded62198c20172c23e7c2ad5a69a8801aa613208459b687deab3b92e34",
    "https://esm.sh/v126/langchain@0.0.96/denonext/document.js": "7a2a4c41b06864c2af407fcdef2a95c496cbd71d26a2706fd8f356bc168973cf",
    "https://esm.sh/v126/langchain@0.0.96/denonext/embeddings/openai.js": "02537ade66aee364839b5f62e883948e512cb8360f6f17c683f10688de15a6cd",
    "https://esm.sh/v126/langchain@0.0.96/denonext/llms/openai.js": "258c0730fc7ae699cba4cc49eac922660be3f4f2cf2b611565dba1a4ff149714",
    "https://esm.sh/v126/langchain@0.0.96/dist/base_language/count_tokens.d.ts": "d341d64cfb56874c345cd390f53f4733c288fd460378b2c3f724c14d8bd5bfba",
    "https://esm.sh/v126/langchain@0.0.96/dist/base_language/index.d.ts": "dc3aae179ea892c76f9a383127697417a88298a8dd900e472319c878f029889f",
    "https://esm.sh/v126/langchain@0.0.96/dist/callbacks/base.d.ts": "cfa0cfd01448718b2f4623b55169f9fb45c4e0fed9cfa2103997d8a2ad3853e6",
    "https://esm.sh/v126/langchain@0.0.96/dist/callbacks/handlers/tracer.d.ts": "2d34c178dfbbcffe7e8421fd6abbd8dc03e78d334b1b36716f735aa61fb74a8b",
    "https://esm.sh/v126/langchain@0.0.96/dist/callbacks/handlers/tracer_langchain.d.ts": "b33d5eb61c7dc29d4a451b3eae8b40d34db8e99524af41ac51f95f5addd7e616",
    "https://esm.sh/v126/langchain@0.0.96/dist/callbacks/manager.d.ts": "009f56dc7e0d2be1472c5b72feb4dcb7cd2386803212f00cfc1ee363802c8441",
    "https://esm.sh/v126/langchain@0.0.96/dist/document.d.ts": "ddfa83c22068d300858d4337d7e20c184ecb0435efc33888016614fc4a2c2099",
    "https://esm.sh/v126/langchain@0.0.96/dist/embeddings/base.d.ts": "399e29165585c53bb13c2ee4ce27b140aec988620e2e2d646ce62d270ee0e0b0",
    "https://esm.sh/v126/langchain@0.0.96/dist/embeddings/openai.d.ts": "d2f580e5a553664e42c31a5307f9ac76487839e8ce9dce7986e15aa28d6e402a",
    "https://esm.sh/v126/langchain@0.0.96/dist/llms/base.d.ts": "b43349eb60782ac1edb2622bbf3de3403585d3fd2302f4fca63fe70286ce9e56",
    "https://esm.sh/v126/langchain@0.0.96/dist/llms/openai-chat.d.ts": "89ac8312be93c1ff53ce9c453f089c9cf926ff2df3c4a5ec74122413d5dc4336",
    "https://esm.sh/v126/langchain@0.0.96/dist/llms/openai.d.ts": "36480d04e05d7a71659679d644e94f4b9de76cc00f275547ba75dfb3aba8bd8a",
    "https://esm.sh/v126/langchain@0.0.96/dist/load/map_keys.d.ts": "e041c6f9649b1566f851a5dc822b58c599d18d3daf737c6b43850008a98e708e",
    "https://esm.sh/v126/langchain@0.0.96/dist/load/serializable.d.ts": "146f26708648f690b4d9bbe9e6f98458ef244474442a4f50a3289e51a8561aa9",
    "https://esm.sh/v126/langchain@0.0.96/dist/schema/index.d.ts": "0637ce34171338af9a92d8438af60cb39686d7a89d86b0eca2e640b40e1d92da",
    "https://esm.sh/v126/langchain@0.0.96/dist/types/openai-types.d.ts": "7a22cd624dc8cf9cedf91e2d5b5675c05edce96e9d67e4c864df8ffd7de3dfa9",
    "https://esm.sh/v126/langchain@0.0.96/dist/util/async_caller.d.ts": "e3f144980705c4130fcc687da28d61016b3716e1c2c3b6cddde33115b7f68c05",
    "https://esm.sh/v126/langchain@0.0.96/dist/util/axios-types.d.ts": "2a49c9fab4fd019ecb6bd850ab34229801a4ed2168eca944dacfc45a289f0f34",
    "https://esm.sh/v126/langchain@0.0.96/dist/util/event-source-parse.d.ts": "8bf87ffbd7b400a23cf977ebbb1eb9c40ccabc3bfc227b8bf1c2648c05d4be9b",
    "https://esm.sh/v126/langchain@0.0.96/document.d.ts": "a71441e7435b69afc18dc5160afe0415b1ccb2284c620cffab1ea5fabb1e2698",
    "https://esm.sh/v126/langchain@0.0.96/embeddings/openai.d.ts": "a851451a0495d1c5703294f6efaf20b51254d9c01b9f14f67bfbbcc48541502b",
    "https://esm.sh/v126/langchain@0.0.96/llms/openai.d.ts": "ac97ad271be701efc1d03c445997968426921bcfcdf6aa1e89a4cbec277dfe85",
    "https://esm.sh/v126/langchain@0.0.97/denonext/vectorstores/supabase.js": "fd0ef78a604a32b01ba75afe9fe1ae9b227fd623a2032e7de7aa61717929b4f9",
    "https://esm.sh/v126/langchain@0.0.97/dist/document.d.ts": "ddfa83c22068d300858d4337d7e20c184ecb0435efc33888016614fc4a2c2099",
    "https://esm.sh/v126/langchain@0.0.97/dist/embeddings/base.d.ts": "399e29165585c53bb13c2ee4ce27b140aec988620e2e2d646ce62d270ee0e0b0",
    "https://esm.sh/v126/langchain@0.0.97/dist/load/map_keys.d.ts": "e041c6f9649b1566f851a5dc822b58c599d18d3daf737c6b43850008a98e708e",
    "https://esm.sh/v126/langchain@0.0.97/dist/load/serializable.d.ts": "146f26708648f690b4d9bbe9e6f98458ef244474442a4f50a3289e51a8561aa9",
    "https://esm.sh/v126/langchain@0.0.97/dist/schema/index.d.ts": "0637ce34171338af9a92d8438af60cb39686d7a89d86b0eca2e640b40e1d92da",
    "https://esm.sh/v126/langchain@0.0.97/dist/util/async_caller.d.ts": "e3f144980705c4130fcc687da28d61016b3716e1c2c3b6cddde33115b7f68c05",
    "https://esm.sh/v126/langchain@0.0.97/dist/vectorstores/base.d.ts": "7523a4b0d36ddf0279867a026e6a33284c0969654b23dab3895999e6b3da9427",
    "https://esm.sh/v126/langchain@0.0.97/dist/vectorstores/supabase.d.ts": "415c807e8075d9dac9c2101896fd95a2192e9e335f651273e48f08cc056ef55c",
    "https://esm.sh/v126/langchain@0.0.97/vectorstores/supabase.d.ts": "387a2879c34847a9b7e2abaa6b01c012653653e7397217d01d634f05561e97e4",
    "https://esm.sh/v126/langchainplus-sdk@0.0.11/denonext/langchainplus-sdk.mjs": "5a58fd50a46a850005eedd125e9d614c55bc249f2235fff2a89b0a492c3331cf",
    "https://esm.sh/v126/langchainplus-sdk@0.0.11/dist/client.d.ts": "32517b96f4bdd025995f1ac1e8ddd575505a45081d8aaa075387b0df6fe7ccfa",
    "https://esm.sh/v126/langchainplus-sdk@0.0.11/dist/evaluation/evaluator.d.ts": "82ca4b9849c3a0cd6924b465717f79ca05054abcdcb538987608e41444c1498d",
    "https://esm.sh/v126/langchainplus-sdk@0.0.11/dist/index.d.ts": "3b87c766640c723b17b421c8598dcc9b960cb600535152166a98c727d993a64a",
    "https://esm.sh/v126/langchainplus-sdk@0.0.11/dist/run_trees.d.ts": "e71e1e513c30c179b8e4c118c8173eb3a974daccb4d2f03f83963a5cd02690a6",
    "https://esm.sh/v126/langchainplus-sdk@0.0.11/dist/schemas.d.ts": "9e5a3fc16eab98e70e600d940316fa41ff246c45417ccf53e04b9606dc0273e7",
    "https://esm.sh/v126/langchainplus-sdk@0.0.11/dist/utils/async_caller.d.ts": "e3f144980705c4130fcc687da28d61016b3716e1c2c3b6cddde33115b7f68c05",
    "https://esm.sh/v126/langchainplus-sdk@0.0.11/index.d.ts": "9b0a949bd4fb81df3fd491411bd41611dc4657c06adbf2f39e628d8e5c5b4a84",
    "https://esm.sh/v126/langchainplus-sdk@0.0.11/schemas.d.ts": "24669e2822ca6614a55f81384ccce1e1f70958355d933f47234f91fe56cc0852",
    "https://esm.sh/v126/node.ns.d.ts": "0fb081f0cd2150931bd54baa04f31466abd9ca701fd9060d07931402cf8367ba",
    "https://esm.sh/v126/object-hash@3.0.0/denonext/object-hash.mjs": "8b0f8b86d4a4511c78c2da8c45e1a41fe5d0fe4b7e8b23e8ae6bdcd6aca23fda",
    "https://esm.sh/v126/openai@3.3.0/denonext/openai.mjs": "66e7d4186c2dca12e684530d8beb713673e3b5acc640c4eb839b56f6f13d01c1",
    "https://esm.sh/v126/openai@3.3.0/dist/api.d.ts": "730059719c470f0f6fbe02148379eaa09dcedc677468bb5fd44f89c61e8d7656",
    "https://esm.sh/v126/openai@3.3.0/dist/base.d.ts": "2eb7bf266c73b1175a6fac2763de3a5e6553608e13f2eb1fd40cd9995cd2b09a",
    "https://esm.sh/v126/openai@3.3.0/dist/configuration.d.ts": "3ac893bb831cf929af812392e1568467766536d79abd4e29d6ae653695c18cdd",
    "https://esm.sh/v126/openai@3.3.0/dist/index.d.ts": "277d3bd1a9e811aa5385dd88433ce420498df03d2440de1f20e6fc9200f717c9",
    "https://esm.sh/v126/p-finally@1.0.0/denonext/p-finally.mjs": "5ad31f91b28a49a738260a79a0be34bf64bcd03ee7909350dd0227e573eae781",
    "https://esm.sh/v126/p-queue@6.6.2/denonext/p-queue.mjs": "4878213d6e67a7963474d1cb1c1d188622218cdaff083373fa2943e7e2c6dc03",
    "https://esm.sh/v126/p-retry@4.6.2/denonext/p-retry.mjs": "9a9f456b5b6624c5e7415a298c668412eb52a59f9b9e4fa965b93f5896bf413e",
    "https://esm.sh/v126/p-timeout@3.2.0/denonext/p-timeout.mjs": "3d052a8557ba4d14315d00cf78be729fbc62531750443faee664f7a5fd0eb00c",
    "https://esm.sh/v126/retry@0.13.1/denonext/retry.mjs": "0d9e9d51789f08a5d07d34e16693a133f0faaca52379af8639c682370b6c5ad7",
    "https://esm.sh/v126/uuid@9.0.0/denonext/uuid.mjs": "c9af3bdfb79cd00c1eefc61f93dfaba9a5468c44245fb31a40d6bcaf21165603",
    "https://esm.sh/v126/websocket@1.0.34/denonext/websocket.mjs": "1f20cd11418a83fe6f7ca6b96eb9819741be6bfcf3efa9732eae0fbed6ee2db6",
    "https://esm.sh/v126/zod-to-json-schema@3.21.1/denonext/zod-to-json-schema.mjs": "0dcaa732914045829c7ab0db32c66f990d81f130c0c9b2f8f4238e80dcc2fc56",
    "https://esm.sh/v126/zod@3.21.4/denonext/zod.mjs": "2dcf8440327df3487c3f27b328c6042e7d673a59f57d33cf90d058ee4b089d64"
  },
  "npm": {
    "specifiers": {
      "fs": "fs@0.0.1-security"
    },
    "packages": {
      "fs@0.0.1-security": {
        "integrity": "sha512-3XY9e1pP0CVEUCdj5BmfIZxRBTSDycnbqhIOGec9QYtmVH2fbLpj86CFWkrNOkt/Fvty4KZG5lTglL9j/gJ87w==",
        "dependencies": {}
      }
    }
  }
}
